// !$*UTF8*$!
{
	archiveVersion = 1;
	classes = {
	};
	objectVersion = 48;
	objects = {

/* Begin PBXBuildFile section */
		3AA4CEB81FC722860071A499 /* TextFilterAbilityVC.m in Sources */ = {isa = PBXBuildFile; fileRef = 3AA4CEB71FC722860071A499 /* TextFilterAbilityVC.m */; };
		3AB50AD91FC4817B0081CD33 /* AppDelegate.m in Sources */ = {isa = PBXBuildFile; fileRef = 3AB50AD81FC4817B0081CD33 /* AppDelegate.m */; };
		3AB50ADC1FC4817B0081CD33 /* ViewController.m in Sources */ = {isa = PBXBuildFile; fileRef = 3AB50ADB1FC4817B0081CD33 /* ViewController.m */; };
		3AB50ADF1FC4817B0081CD33 /* Main.storyboard in Resources */ = {isa = PBXBuildFile; fileRef = 3AB50ADD1FC4817B0081CD33 /* Main.storyboard */; };
		3AB50AE11FC4817B0081CD33 /* Assets.xcassets in Resources */ = {isa = PBXBuildFile; fileRef = 3AB50AE01FC4817B0081CD33 /* Assets.xcassets */; };
		3AB50AE41FC4817B0081CD33 /* LaunchScreen.storyboard in Resources */ = {isa = PBXBuildFile; fileRef = 3AB50AE21FC4817B0081CD33 /* LaunchScreen.storyboard */; };
		3AB50AE71FC4817B0081CD33 /* main.m in Sources */ = {isa = PBXBuildFile; fileRef = 3AB50AE61FC4817B0081CD33 /* main.m */; };
		3AB50AF11FC4817B0081CD33 /* DiSiYeMeiErTests.m in Sources */ = {isa = PBXBuildFile; fileRef = 3AB50AF01FC4817B0081CD33 /* DiSiYeMeiErTests.m */; };
		3AB50AFC1FC4817B0081CD33 /* DiSiYeMeiErUITests.m in Sources */ = {isa = PBXBuildFile; fileRef = 3AB50AFB1FC4817B0081CD33 /* DiSiYeMeiErUITests.m */; };
		3ACA4FFD1FCC59E3006D5DAB /* CustomButtonVC.m in Sources */ = {isa = PBXBuildFile; fileRef = 3ACA4FFC1FCC59E3006D5DAB /* CustomButtonVC.m */; };
		3ACA50041FCC636C006D5DAB /* UIButton+customeBtn.m in Sources */ = {isa = PBXBuildFile; fileRef = 3ACA50031FCC636C006D5DAB /* UIButton+customeBtn.m */; };
		3ACA50061FCC6673006D5DAB /* images.xcassets in Resources */ = {isa = PBXBuildFile; fileRef = 3ACA50051FCC6673006D5DAB /* images.xcassets */; };
/* End PBXBuildFile section */

/* Begin PBXContainerItemProxy section */
		3AB50AED1FC4817B0081CD33 /* PBXContainerItemProxy */ = {
			isa = PBXContainerItemProxy;
			containerPortal = 3AB50ACC1FC4817B0081CD33 /* Project object */;
			proxyType = 1;
			remoteGlobalIDString = 3AB50AD31FC4817B0081CD33;
			remoteInfo = DiSiYeMeiEr;
		};
		3AB50AF81FC4817B0081CD33 /* PBXContainerItemProxy */ = {
			isa = PBXContainerItemProxy;
			containerPortal = 3AB50ACC1FC4817B0081CD33 /* Project object */;
			proxyType = 1;
			remoteGlobalIDString = 3AB50AD31FC4817B0081CD33;
			remoteInfo = DiSiYeMeiEr;
		};
/* End PBXContainerItemProxy section */

/* Begin PBXFileReference section */
		3AA4CEB61FC722860071A499 /* TextFilterAbilityVC.h */ = {isa = PBXFileReference; lastKnownFileType = sourcecode.c.h; path = TextFilterAbilityVC.h; sourceTree = "<group>"; };
		3AA4CEB71FC722860071A499 /* TextFilterAbilityVC.m */ = {isa = PBXFileReference; lastKnownFileType = sourcecode.c.objc; path = TextFilterAbilityVC.m; sourceTree = "<group>"; };
		3AB50AD41FC4817B0081CD33 /* DiSiYeMeiEr.app */ = {isa = PBXFileReference; explicitFileType = wrapper.application; includeInIndex = 0; path = DiSiYeMeiEr.app; sourceTree = BUILT_PRODUCTS_DIR; };
		3AB50AD71FC4817B0081CD33 /* AppDelegate.h */ = {isa = PBXFileReference; lastKnownFileType = sourcecode.c.h; path = AppDelegate.h; sourceTree = "<group>"; };
		3AB50AD81FC4817B0081CD33 /* AppDelegate.m */ = {isa = PBXFileReference; lastKnownFileType = sourcecode.c.objc; path = AppDelegate.m; sourceTree = "<group>"; };
		3AB50ADA1FC4817B0081CD33 /* ViewController.h */ = {isa = PBXFileReference; lastKnownFileType = sourcecode.c.h; path = ViewController.h; sourceTree = "<group>"; };
		3AB50ADB1FC4817B0081CD33 /* ViewController.m */ = {isa = PBXFileReference; lastKnownFileType = sourcecode.c.objc; path = ViewController.m; sourceTree = "<group>"; };
		3AB50ADE1FC4817B0081CD33 /* Base */ = {isa = PBXFileReference; lastKnownFileType = file.storyboard; name = Base; path = Base.lproj/Main.storyboard; sourceTree = "<group>"; };
		3AB50AE01FC4817B0081CD33 /* Assets.xcassets */ = {isa = PBXFileReference; lastKnownFileType = folder.assetcatalog; path = Assets.xcassets; sourceTree = "<group>"; };
		3AB50AE31FC4817B0081CD33 /* Base */ = {isa = PBXFileReference; lastKnownFileType = file.storyboard; name = Base; path = Base.lproj/LaunchScreen.storyboard; sourceTree = "<group>"; };
		3AB50AE51FC4817B0081CD33 /* Info.plist */ = {isa = PBXFileReference; lastKnownFileType = text.plist.xml; path = Info.plist; sourceTree = "<group>"; };
		3AB50AE61FC4817B0081CD33 /* main.m */ = {isa = PBXFileReference; lastKnownFileType = sourcecode.c.objc; path = main.m; sourceTree = "<group>"; };
		3AB50AEC1FC4817B0081CD33 /* DiSiYeMeiErTests.xctest */ = {isa = PBXFileReference; explicitFileType = wrapper.cfbundle; includeInIndex = 0; path = DiSiYeMeiErTests.xctest; sourceTree = BUILT_PRODUCTS_DIR; };
		3AB50AF01FC4817B0081CD33 /* DiSiYeMeiErTests.m */ = {isa = PBXFileReference; lastKnownFileType = sourcecode.c.objc; path = DiSiYeMeiErTests.m; sourceTree = "<group>"; };
		3AB50AF21FC4817B0081CD33 /* Info.plist */ = {isa = PBXFileReference; lastKnownFileType = text.plist.xml; path = Info.plist; sourceTree = "<group>"; };
		3AB50AF71FC4817B0081CD33 /* DiSiYeMeiErUITests.xctest */ = {isa = PBXFileReference; explicitFileType = wrapper.cfbundle; includeInIndex = 0; path = DiSiYeMeiErUITests.xctest; sourceTree = BUILT_PRODUCTS_DIR; };
		3AB50AFB1FC4817B0081CD33 /* DiSiYeMeiErUITests.m */ = {isa = PBXFileReference; lastKnownFileType = sourcecode.c.objc; path = DiSiYeMeiErUITests.m; sourceTree = "<group>"; };
		3AB50AFD1FC4817B0081CD33 /* Info.plist */ = {isa = PBXFileReference; lastKnownFileType = text.plist.xml; path = Info.plist; sourceTree = "<group>"; };
		3ACA4FFB1FCC59E3006D5DAB /* CustomButtonVC.h */ = {isa = PBXFileReference; lastKnownFileType = sourcecode.c.h; path = CustomButtonVC.h; sourceTree = "<group>"; };
		3ACA4FFC1FCC59E3006D5DAB /* CustomButtonVC.m */ = {isa = PBXFileReference; lastKnownFileType = sourcecode.c.objc; path = CustomButtonVC.m; sourceTree = "<group>"; };
		3ACA50021FCC636C006D5DAB /* UIButton+customeBtn.h */ = {isa = PBXFileReference; lastKnownFileType = sourcecode.c.h; path = "UIButton+customeBtn.h"; sourceTree = "<group>"; };
		3ACA50031FCC636C006D5DAB /* UIButton+customeBtn.m */ = {isa = PBXFileReference; lastKnownFileType = sourcecode.c.objc; path = "UIButton+customeBtn.m"; sourceTree = "<group>"; };
		3ACA50051FCC6673006D5DAB /* images.xcassets */ = {isa = PBXFileReference; lastKnownFileType = folder.assetcatalog; path = images.xcassets; sourceTree = "<group>"; };
/* End PBXFileReference section */

/* Begin PBXFrameworksBuildPhase section */
		3AB50AD11FC4817B0081CD33 /* Frameworks */ = {
			isa = PBXFrameworksBuildPhase;
			buildActionMask = 2147483647;
			files = (
			);
			runOnlyForDeploymentPostprocessing = 0;
		};
		3AB50AE91FC4817B0081CD33 /* Frameworks */ = {
			isa = PBXFrameworksBuildPhase;
			buildActionMask = 2147483647;
			files = (
			);
			runOnlyForDeploymentPostprocessing = 0;
		};
		3AB50AF41FC4817B0081CD33 /* Frameworks */ = {
			isa = PBXFrameworksBuildPhase;
			buildActionMask = 2147483647;
			files = (
			);
			runOnlyForDeploymentPostprocessing = 0;
		};
/* End PBXFrameworksBuildPhase section */

/* Begin PBXGroup section */
		3AA4CEB51FC71A3A0071A499 /* TextFilterAbilityVC */ = {
			isa = PBXGroup;
			children = (
				3AA4CEB61FC722860071A499 /* TextFilterAbilityVC.h */,
				3AA4CEB71FC722860071A499 /* TextFilterAbilityVC.m */,
			);
			path = TextFilterAbilityVC;
			sourceTree = "<group>";
		};
		3AB50ACB1FC4817B0081CD33 = {
			isa = PBXGroup;
			children = (
				3AB50AD61FC4817B0081CD33 /* DiSiYeMeiEr */,
				3AB50AEF1FC4817B0081CD33 /* DiSiYeMeiErTests */,
				3AB50AFA1FC4817B0081CD33 /* DiSiYeMeiErUITests */,
				3AB50AD51FC4817B0081CD33 /* Products */,
			);
			sourceTree = "<group>";
		};
		3AB50AD51FC4817B0081CD33 /* Products */ = {
			isa = PBXGroup;
			children = (
				3AB50AD41FC4817B0081CD33 /* DiSiYeMeiEr.app */,
				3AB50AEC1FC4817B0081CD33 /* DiSiYeMeiErTests.xctest */,
				3AB50AF71FC4817B0081CD33 /* DiSiYeMeiErUITests.xctest */,
			);
			name = Products;
			sourceTree = "<group>";
		};
		3AB50AD61FC4817B0081CD33 /* DiSiYeMeiEr */ = {
			isa = PBXGroup;
			children = (
				3ACA4FF91FCC593C006D5DAB /* customButtonVC */,
				3AA4CEB51FC71A3A0071A499 /* TextFilterAbilityVC */,
				3AB50AD71FC4817B0081CD33 /* AppDelegate.h */,
				3AB50AD81FC4817B0081CD33 /* AppDelegate.m */,
				3AB50ADA1FC4817B0081CD33 /* ViewController.h */,
				3AB50ADB1FC4817B0081CD33 /* ViewController.m */,
				3AB50ADD1FC4817B0081CD33 /* Main.storyboard */,
				3AB50AE01FC4817B0081CD33 /* Assets.xcassets */,
				3ACA50051FCC6673006D5DAB /* images.xcassets */,
				3AB50AE21FC4817B0081CD33 /* LaunchScreen.storyboard */,
				3AB50AE51FC4817B0081CD33 /* Info.plist */,
				3AB50AE61FC4817B0081CD33 /* main.m */,
			);
			path = DiSiYeMeiEr;
			sourceTree = "<group>";
		};
		3AB50AEF1FC4817B0081CD33 /* DiSiYeMeiErTests */ = {
			isa = PBXGroup;
			children = (
				3AB50AF01FC4817B0081CD33 /* DiSiYeMeiErTests.m */,
				3AB50AF21FC4817B0081CD33 /* Info.plist */,
			);
			path = DiSiYeMeiErTests;
			sourceTree = "<group>";
		};
		3AB50AFA1FC4817B0081CD33 /* DiSiYeMeiErUITests */ = {
			isa = PBXGroup;
			children = (
				3AB50AFB1FC4817B0081CD33 /* DiSiYeMeiErUITests.m */,
				3AB50AFD1FC4817B0081CD33 /* Info.plist */,
			);
			path = DiSiYeMeiErUITests;
			sourceTree = "<group>";
		};
		3ACA4FF91FCC593C006D5DAB /* customButtonVC */ = {
			isa = PBXGroup;
			children = (
				3ACA4FFE1FCC60BB006D5DAB /* BtnCategory */,
				3ACA4FFB1FCC59E3006D5DAB /* CustomButtonVC.h */,
				3ACA4FFC1FCC59E3006D5DAB /* CustomButtonVC.m */,
			);
			path = customButtonVC;
			sourceTree = "<group>";
		};
		3ACA4FFE1FCC60BB006D5DAB /* BtnCategory */ = {
			isa = PBXGroup;
			children = (
				3ACA50021FCC636C006D5DAB /* UIButton+customeBtn.h */,
				3ACA50031FCC636C006D5DAB /* UIButton+customeBtn.m */,
			);
			path = BtnCategory;
			sourceTree = "<group>";
		};
/* End PBXGroup section */

/* Begin PBXNativeTarget section */
		3AB50AD31FC4817B0081CD33 /* DiSiYeMeiEr */ = {
			isa = PBXNativeTarget;
			buildConfigurationList = 3AB50B001FC4817B0081CD33 /* Build configuration list for PBXNativeTarget "DiSiYeMeiEr" */;
			buildPhases = (
				3AB50AD01FC4817B0081CD33 /* Sources */,
				3AB50AD11FC4817B0081CD33 /* Frameworks */,
				3AB50AD21FC4817B0081CD33 /* Resources */,
			);
			buildRules = (
			);
			dependencies = (
			);
			name = DiSiYeMeiEr;
			productName = DiSiYeMeiEr;
			productReference = 3AB50AD41FC4817B0081CD33 /* DiSiYeMeiEr.app */;
			productType = "com.apple.product-type.application";
		};
		3AB50AEB1FC4817B0081CD33 /* DiSiYeMeiErTests */ = {
			isa = PBXNativeTarget;
			buildConfigurationList = 3AB50B031FC4817B0081CD33 /* Build configuration list for PBXNativeTarget "DiSiYeMeiErTests" */;
			buildPhases = (
				3AB50AE81FC4817B0081CD33 /* Sources */,
				3AB50AE91FC4817B0081CD33 /* Frameworks */,
				3AB50AEA1FC4817B0081CD33 /* Resources */,
			);
			buildRules = (
			);
			dependencies = (
				3AB50AEE1FC4817B0081CD33 /* PBXTargetDependency */,
			);
			name = DiSiYeMeiErTests;
			productName = DiSiYeMeiErTests;
			productReference = 3AB50AEC1FC4817B0081CD33 /* DiSiYeMeiErTests.xctest */;
			productType = "com.apple.product-type.bundle.unit-test";
		};
		3AB50AF61FC4817B0081CD33 /* DiSiYeMeiErUITests */ = {
			isa = PBXNativeTarget;
			buildConfigurationList = 3AB50B061FC4817B0081CD33 /* Build configuration list for PBXNativeTarget "DiSiYeMeiErUITests" */;
			buildPhases = (
				3AB50AF31FC4817B0081CD33 /* Sources */,
				3AB50AF41FC4817B0081CD33 /* Frameworks */,
				3AB50AF51FC4817B0081CD33 /* Resources */,
			);
			buildRules = (
			);
			dependencies = (
				3AB50AF91FC4817B0081CD33 /* PBXTargetDependency */,
			);
			name = DiSiYeMeiErUITests;
			productName = DiSiYeMeiErUITests;
			productReference = 3AB50AF71FC4817B0081CD33 /* DiSiYeMeiErUITests.xctest */;
			productType = "com.apple.product-type.bundle.ui-testing";
		};
/* End PBXNativeTarget section */

/* Begin PBXProject section */
		3AB50ACC1FC4817B0081CD33 /* Project object */ = {
			isa = PBXProject;
			attributes = {
				LastUpgradeCheck = 0910;
				ORGANIZATIONNAME = JCTrustYourself;
				TargetAttributes = {
					3AB50AD31FC4817B0081CD33 = {
						CreatedOnToolsVersion = 9.1;
						ProvisioningStyle = Automatic;
					};
					3AB50AEB1FC4817B0081CD33 = {
						CreatedOnToolsVersion = 9.1;
						ProvisioningStyle = Automatic;
						TestTargetID = 3AB50AD31FC4817B0081CD33;
					};
					3AB50AF61FC4817B0081CD33 = {
						CreatedOnToolsVersion = 9.1;
						ProvisioningStyle = Automatic;
						TestTargetID = 3AB50AD31FC4817B0081CD33;
					};
				};
			};
			buildConfigurationList = 3AB50ACF1FC4817B0081CD33 /* Build configuration list for PBXProject "DiSiYeMeiEr" */;
			compatibilityVersion = "Xcode 8.0";
			developmentRegion = en;
			hasScannedForEncodings = 0;
			knownRegions = (
				en,
				Base,
			);
			mainGroup = 3AB50ACB1FC4817B0081CD33;
			productRefGroup = 3AB50AD51FC4817B0081CD33 /* Products */;
			projectDirPath = "";
			projectRoot = "";
			targets = (
				3AB50AD31FC4817B0081CD33 /* DiSiYeMeiEr */,
				3AB50AEB1FC4817B0081CD33 /* DiSiYeMeiErTests */,
				3AB50AF61FC4817B0081CD33 /* DiSiYeMeiErUITests */,
			);
		};
/* End PBXProject section */

/* Begin PBXResourcesBuildPhase section */
		3AB50AD21FC4817B0081CD33 /* Resources */ = {
			isa = PBXResourcesBuildPhase;
			buildActionMask = 2147483647;
			files = (
				3AB50AE41FC4817B0081CD33 /* LaunchScreen.storyboard in Resources */,
				3ACA50061FCC6673006D5DAB /* images.xcassets in Resources */,
				3AB50AE11FC4817B0081CD33 /* Assets.xcassets in Resources */,
				3AB50ADF1FC4817B0081CD33 /* Main.storyboard in Resources */,
			);
			runOnlyForDeploymentPostprocessing = 0;
		};
		3AB50AEA1FC4817B0081CD33 /* Resources */ = {
			isa = PBXResourcesBuildPhase;
			buildActionMask = 2147483647;
			files = (
			);
			runOnlyForDeploymentPostprocessing = 0;
		};
		3AB50AF51FC4817B0081CD33 /* Resources */ = {
			isa = PBXResourcesBuildPhase;
			buildActionMask = 2147483647;
			files = (
			);
			runOnlyForDeploymentPostprocessing = 0;
		};
/* End PBXResourcesBuildPhase section */

/* Begin PBXSourcesBuildPhase section */
		3AB50AD01FC4817B0081CD33 /* Sources */ = {
			isa = PBXSourcesBuildPhase;
			buildActionMask = 2147483647;
			files = (
				3AB50ADC1FC4817B0081CD33 /* ViewController.m in Sources */,
				3ACA4FFD1FCC59E3006D5DAB /* CustomButtonVC.m in Sources */,
				3AB50AE71FC4817B0081CD33 /* main.m in Sources */,
				3ACA50041FCC636C006D5DAB /* UIButton+customeBtn.m in Sources */,
				3AA4CEB81FC722860071A499 /* TextFilterAbilityVC.m in Sources */,
				3AB50AD91FC4817B0081CD33 /* AppDelegate.m in Sources */,
			);
			runOnlyForDeploymentPostprocessing = 0;
		};
		3AB50AE81FC4817B0081CD33 /* Sources */ = {
			isa = PBXSourcesBuildPhase;
			buildActionMask = 2147483647;
			files = (
				3AB50AF11FC4817B0081CD33 /* DiSiYeMeiErTests.m in Sources */,
			);
			runOnlyForDeploymentPostprocessing = 0;
		};
		3AB50AF31FC4817B0081CD33 /* Sources */ = {
			isa = PBXSourcesBuildPhase;
			buildActionMask = 2147483647;
			files = (
				3AB50AFC1FC4817B0081CD33 /* DiSiYeMeiErUITests.m in Sources */,
			);
			runOnlyForDeploymentPostprocessing = 0;
		};
/* End PBXSourcesBuildPhase section */

/* Begin PBXTargetDependency section */
		3AB50AEE1FC4817B0081CD33 /* PBXTargetDependency */ = {
			isa = PBXTargetDependency;
			target = 3AB50AD31FC4817B0081CD33 /* DiSiYeMeiEr */;
			targetProxy = 3AB50AED1FC4817B0081CD33 /* PBXContainerItemProxy */;
		};
		3AB50AF91FC4817B0081CD33 /* PBXTargetDependency */ = {
			isa = PBXTargetDependency;
			target = 3AB50AD31FC4817B0081CD33 /* DiSiYeMeiEr */;
			targetProxy = 3AB50AF81FC4817B0081CD33 /* PBXContainerItemProxy */;
		};
/* End PBXTargetDependency section */

/* Begin PBXVariantGroup section */
		3AB50ADD1FC4817B0081CD33 /* Main.storyboard */ = {
			isa = PBXVariantGroup;
			children = (
				3AB50ADE1FC4817B0081CD33 /* Base */,
			);
			name = Main.storyboard;
			sourceTree = "<group>";
		};
		3AB50AE21FC4817B0081CD33 /* LaunchScreen.storyboard */ = {
			isa = PBXVariantGroup;
			children = (
				3AB50AE31FC4817B0081CD33 /* Base */,
			);
			name = LaunchScreen.storyboard;
			sourceTree = "<group>";
		};
/* End PBXVariantGroup section */

/* Begin XCBuildConfiguration section */
		3AB50AFE1FC4817B0081CD33 /* Debug */ = {
			isa = XCBuildConfiguration;
			buildSettings = {
				ALWAYS_SEARCH_USER_PATHS = NO;
				CLANG_ANALYZER_NONNULL = YES;
				CLANG_ANALYZER_NUMBER_OBJECT_CONVERSION = YES_AGGRESSIVE;
				CLANG_CXX_LANGUAGE_STANDARD = "gnu++14";
				CLANG_CXX_LIBRARY = "libc++";
				CLANG_ENABLE_MODULES = YES;
				CLANG_ENABLE_OBJC_ARC = YES;
				CLANG_WARN_BLOCK_CAPTURE_AUTORELEASING = YES;
				CLANG_WARN_BOOL_CONVERSION = YES;
				CLANG_WARN_COMMA = YES;
				CLANG_WARN_CONSTANT_CONVERSION = YES;
				CLANG_WARN_DIRECT_OBJC_ISA_USAGE = YES_ERROR;
				CLANG_WARN_DOCUMENTATION_COMMENTS = YES;
				CLANG_WARN_EMPTY_BODY = YES;
				CLANG_WARN_ENUM_CONVERSION = YES;
				CLANG_WARN_INFINITE_RECURSION = YES;
				CLANG_WARN_INT_CONVERSION = YES;
				CLANG_WARN_NON_LITERAL_NULL_CONVERSION = YES;
				CLANG_WARN_OBJC_LITERAL_CONVERSION = YES;
				CLANG_WARN_OBJC_ROOT_CLASS = YES_ERROR;
				CLANG_WARN_RANGE_LOOP_ANALYSIS = YES;
				CLANG_WARN_STRICT_PROTOTYPES = YES;
				CLANG_WARN_SUSPICIOUS_MOVE = YES;
				CLANG_WARN_UNGUARDED_AVAILABILITY = YES_AGGRESSIVE;
				CLANG_WARN_UNREACHABLE_CODE = YES;
				CLANG_WARN__DUPLICATE_METHOD_MATCH = YES;
				CODE_SIGN_IDENTITY = "iPhone Developer";
				COPY_PHASE_STRIP = NO;
				DEBUG_INFORMATION_FORMAT = dwarf;
				ENABLE_STRICT_OBJC_MSGSEND = YES;
				ENABLE_TESTABILITY = YES;
				GCC_C_LANGUAGE_STANDARD = gnu11;
				GCC_DYNAMIC_NO_PIC = NO;
				GCC_NO_COMMON_BLOCKS = YES;
				GCC_OPTIMIZATION_LEVEL = 0;
				GCC_PREPROCESSOR_DEFINITIONS = (
					"DEBUG=1",
					"$(inherited)",
				);
				GCC_WARN_64_TO_32_BIT_CONVERSION = YES;
				GCC_WARN_ABOUT_RETURN_TYPE = YES_ERROR;
				GCC_WARN_UNDECLARED_SELECTOR = YES;
				GCC_WARN_UNINITIALIZED_AUTOS = YES_AGGRESSIVE;
				GCC_WARN_UNUSED_FUNCTION = YES;
				GCC_WARN_UNUSED_VARIABLE = YES;
				IPHONEOS_DEPLOYMENT_TARGET = 11.1;
				MTL_ENABLE_DEBUG_INFO = YES;
				ONLY_ACTIVE_ARCH = YES;
				SDKROOT = iphoneos;
			};
			name = Debug;
		};
		3AB50AFF1FC4817B0081CD33 /* Release */ = {
			isa = XCBuildConfiguration;
			buildSettings = {
				ALWAYS_SEARCH_USER_PATHS = NO;
				CLANG_ANALYZER_NONNULL = YES;
				CLANG_ANALYZER_NUMBER_OBJECT_CONVERSION = YES_AGGRESSIVE;
				CLANG_CXX_LANGUAGE_STANDARD = "gnu++14";
				CLANG_CXX_LIBRARY = "libc++";
				CLANG_ENABLE_MODULES = YES;
				CLANG_ENABLE_OBJC_ARC = YES;
				CLANG_WARN_BLOCK_CAPTURE_AUTORELEASING = YES;
				CLANG_WARN_BOOL_CONVERSION = YES;
				CLANG_WARN_COMMA = YES;
				CLANG_WARN_CONSTANT_CONVERSION = YES;
				CLANG_WARN_DIRECT_OBJC_ISA_USAGE = YES_ERROR;
				CLANG_WARN_DOCUMENTATION_COMMENTS = YES;
				CLANG_WARN_EMPTY_BODY = YES;
				CLANG_WARN_ENUM_CONVERSION = YES;
				CLANG_WARN_INFINITE_RECURSION = YES;
				CLANG_WARN_INT_CONVERSION = YES;
				CLANG_WARN_NON_LITERAL_NULL_CONVERSION = YES;
				CLANG_WARN_OBJC_LITERAL_CONVERSION = YES;
				CLANG_WARN_OBJC_ROOT_CLASS = YES_ERROR;
				CLANG_WARN_RANGE_LOOP_ANALYSIS = YES;
				CLANG_WARN_STRICT_PROTOTYPES = YES;
				CLANG_WARN_SUSPICIOUS_MOVE = YES;
				CLANG_WARN_UNGUARDED_AVAILABILITY = YES_AGGRESSIVE;
				CLANG_WARN_UNREACHABLE_CODE = YES;
				CLANG_WARN__DUPLICATE_METHOD_MATCH = YES;
				CODE_SIGN_IDENTITY = "iPhone Developer";
				COPY_PHASE_STRIP = NO;
				DEBUG_INFORMATION_FORMAT = "dwarf-with-dsym";
				ENABLE_NS_ASSERTIONS = NO;
				ENABLE_STRICT_OBJC_MSGSEND = YES;
				GCC_C_LANGUAGE_STANDARD = gnu11;
				GCC_NO_COMMON_BLOCKS = YES;
				GCC_WARN_64_TO_32_BIT_CONVERSION = YES;
				GCC_WARN_ABOUT_RETURN_TYPE = YES_ERROR;
				GCC_WARN_UNDECLARED_SELECTOR = YES;
				GCC_WARN_UNINITIALIZED_AUTOS = YES_AGGRESSIVE;
				GCC_WARN_UNUSED_FUNCTION = YES;
				GCC_WARN_UNUSED_VARIABLE = YES;
				IPHONEOS_DEPLOYMENT_TARGET = 11.1;
				MTL_ENABLE_DEBUG_INFO = NO;
				SDKROOT = iphoneos;
				VALIDATE_PRODUCT = YES;
			};
			name = Release;
		};
		3AB50B011FC4817B0081CD33 /* Debug */ = {
			isa = XCBuildConfiguration;
			buildSettings = {
				ASSETCATALOG_COMPILER_APPICON_NAME = AppIcon;
				CODE_SIGN_STYLE = Automatic;
				DEVELOPMENT_TEAM = E3DPJ4DW7A;
				INFOPLIST_FILE = DiSiYeMeiEr/Info.plist;
				IPHONEOS_DEPLOYMENT_TARGET = 8.0;
				LD_RUNPATH_SEARCH_PATHS = "$(inherited) @executable_path/Frameworks";
				PRODUCT_BUNDLE_IDENTIFIER = "JiaChen-MacBook-Pro";
				PRODUCT_NAME = "$(TARGET_NAME)";
				TARGETED_DEVICE_FAMILY = 1;
			};
			name = Debug;
		};
		3AB50B021FC4817B0081CD33 /* Release */ = {
			isa = XCBuildConfiguration;
			buildSettings = {
				ASSETCATALOG_COMPILER_APPICON_NAME = AppIcon;
				CODE_SIGN_STYLE = Automatic;
				DEVELOPMENT_TEAM = E3DPJ4DW7A;
				INFOPLIST_FILE = DiSiYeMeiEr/Info.plist;
				IPHONEOS_DEPLOYMENT_TARGET = 8.0;
				LD_RUNPATH_SEARCH_PATHS = "$(inherited) @executable_path/Frameworks";
				PRODUCT_BUNDLE_IDENTIFIER = "JiaChen-MacBook-Pro";
				PRODUCT_NAME = "$(TARGET_NAME)";
				TARGETED_DEVICE_FAMILY = 1;
			};
			name = Release;
		};
		3AB50B041FC4817B0081CD33 /* Debug */ = {
			isa = XCBuildConfiguration;
			buildSettings = {
				BUNDLE_LOADER = "$(TEST_HOST)";
				CODE_SIGN_STYLE = Automatic;
				DEVELOPMENT_TEAM = E3DPJ4DW7A;
				INFOPLIST_FILE = DiSiYeMeiErTests/Info.plist;
				LD_RUNPATH_SEARCH_PATHS = "$(inherited) @executable_path/Frameworks @loader_path/Frameworks";
				PRODUCT_BUNDLE_IDENTIFIER = DiSiYeMeiEr.DiSiYeMeiErTests;
				PRODUCT_NAME = "$(TARGET_NAME)";
				TARGETED_DEVICE_FAMILY = "1,2";
				TEST_HOST = "$(BUILT_PRODUCTS_DIR)/DiSiYeMeiEr.app/DiSiYeMeiEr";
			};
			name = Debug;
		};
		3AB50B051FC4817B0081CD33 /* Release */ = {
			isa = XCBuildConfiguration;
			buildSettings = {
				BUNDLE_LOADER = "$(TEST_HOST)";
				CODE_SIGN_STYLE = Automatic;
				DEVELOPMENT_TEAM = E3DPJ4DW7A;
				INFOPLIST_FILE = DiSiYeMeiErTests/Info.plist;
				LD_RUNPATH_SEARCH_PATHS = "$(inherited) @executable_path/Frameworks @loader_path/Frameworks";
				PRODUCT_BUNDLE_IDENTIFIER = DiSiYeMeiEr.DiSiYeMeiErTests;
				PRODUCT_NAME = "$(TARGET_NAME)";
				TARGETED_DEVICE_FAMILY = "1,2";
				TEST_HOST = "$(BUILT_PRODUCTS_DIR)/DiSiYeMeiEr.app/DiSiYeMeiEr";
			};
			name = Release;
		};
		3AB50B071FC4817B0081CD33 /* Debug */ = {
			isa = XCBuildConfiguration;
			buildSettings = {
				CODE_SIGN_STYLE = Automatic;
				DEVELOPMENT_TEAM = E3DPJ4DW7A;
				INFOPLIST_FILE = DiSiYeMeiErUITests/Info.plist;
				LD_RUNPATH_SEARCH_PATHS = "$(inherited) @executable_path/Frameworks @loader_path/Frameworks";
				PRODUCT_BUNDLE_IDENTIFIER = DiSiYeMeiEr.DiSiYeMeiErUITests;
				PRODUCT_NAME = "$(TARGET_NAME)";
				TARGETED_DEVICE_FAMILY = "1,2";
				TEST_TARGET_NAME = DiSiYeMeiEr;
			};
			name = Debug;
		};
		3AB50B081FC4817B0081CD33 /* Release */ = {
			isa = XCBuildConfiguration;
			buildSettings = {
				CODE_SIGN_STYLE = Automatic;
				DEVELOPMENT_TEAM = E3DPJ4DW7A;
				INFOPLIST_FILE = DiSiYeMeiErUITests/Info.plist;
				LD_RUNPATH_SEARCH_PATHS = "$(inherited) @executable_path/Frameworks @loader_path/Frameworks";
				PRODUCT_BUNDLE_IDENTIFIER = DiSiYeMeiEr.DiSiYeMeiErUITests;
				PRODUCT_NAME = "$(TARGET_NAME)";
				TARGETED_DEVICE_FAMILY = "1,2";
				TEST_TARGET_NAME = DiSiYeMeiEr;
			};
			name = Release;
		};
/* End XCBuildConfiguration section */

/* Begin XCConfigurationList section */
		3AB50ACF1FC4817B0081CD33 /* Build configuration list for PBXProject "DiSiYeMeiEr" */ = {
			isa = XCConfigurationList;
			buildConfigurations = (
				3AB50AFE1FC4817B0081CD33 /* Debug */,
				3AB50AFF1FC4817B0081CD33 /* Release */,
			);
			defaultConfigurationIsVisible = 0;
			defaultConfigurationName = Release;
		};
		3AB50B001FC4817B0081CD33 /* Build configuration list for PBXNativeTarget "DiSiYeMeiEr" */ = {
			isa = XCConfigurationList;
			buildConfigurations = (
				3AB50B011FC4817B0081CD33 /* Debug */,
				3AB50B021FC4817B0081CD33 /* Release */,
			);
			defaultConfigurationIsVisible = 0;
			defaultConfigurationName = Release;
		};
		3AB50B031FC4817B0081CD33 /* Build configuration list for PBXNativeTarget "DiSiYeMeiErTests" */ = {
			isa = XCConfigurationList;
			buildConfigurations = (
				3AB50B041FC4817B0081CD33 /* Debug */,
				3AB50B051FC4817B0081CD33 /* Release */,
			);
			defaultConfigurationIsVisible = 0;
			defaultConfigurationName = Release;
		};
		3AB50B061FC4817B0081CD33 /* Build configuration list for PBXNativeTarget "DiSiYeMeiErUITests" */ = {
			isa = XCConfigurationList;
			buildConfigurations = (
				3AB50B071FC4817B0081CD33 /* Debug */,
				3AB50B081FC4817B0081CD33 /* Release */,
			);
			defaultConfigurationIsVisible = 0;
			defaultConfigurationName = Release;
		};
/* End XCConfigurationList section */
	};
	rootObject = 3AB50ACC1FC4817B0081CD33 /* Project object */;
}
