PODS:
  - Masonry (1.1.0)
  - MJRefresh (3.5.0)

DEPENDENCIES:
  - Masonry (~> 1.1.0)
  - MJRefresh (~> 3.5.0)

SPEC REPOS:
  trunk:
    - Masonry
    - MJRefresh

SPEC CHECKSUMS:
  Masonry: 678fab65091a9290e40e2832a55e7ab731aad201
  MJRefresh: 6afc955813966afb08305477dd7a0d9ad5e79a16

PODFILE CHECKSUM: 1106a7fe87e8f63692448ce8194d9951c4d35aca

COCOAPODS: 1.11.2
